// !$*UTF8*$!
{
	archiveVersion = 1;
	classes = {
	};
	objectVersion = 56;
	objects = {

/* Begin PBXBuildFile section */
		688F0DBB2B999D76008F9C5B /* swifttodolistApp.swift in Sources */ = {isa = PBXBuildFile; fileRef = 688F0DBA2B999D76008F9C5B /* swifttodolistApp.swift */; };
		688F0DBD2B999D76008F9C5B /* ContentView.swift in Sources */ = {isa = PBXBuildFile; fileRef = 688F0DBC2B999D76008F9C5B /* ContentView.swift */; };
		688F0DBF2B999D77008F9C5B /* Assets.xcassets in Resources */ = {isa = PBXBuildFile; fileRef = 688F0DBE2B999D77008F9C5B /* Assets.xcassets */; };
		688F0DC22B999D77008F9C5B /* Preview Assets.xcassets in Resources */ = {isa = PBXBuildFile; fileRef = 688F0DC12B999D77008F9C5B /* Preview Assets.xcassets */; };
		688F0DCC2B999D77008F9C5B /* swifttodolistTests.swift in Sources */ = {isa = PBXBuildFile; fileRef = 688F0DCB2B999D77008F9C5B /* swifttodolistTests.swift */; };
		688F0DD62B999D77008F9C5B /* swifttodolistUITests.swift in Sources */ = {isa = PBXBuildFile; fileRef = 688F0DD52B999D77008F9C5B /* swifttodolistUITests.swift */; };
		688F0DD82B999D77008F9C5B /* swifttodolistUITestsLaunchTests.swift in Sources */ = {isa = PBXBuildFile; fileRef = 688F0DD72B999D77008F9C5B /* swifttodolistUITestsLaunchTests.swift */; };
/* End PBXBuildFile section */

/* Begin PBXContainerItemProxy section */
		688F0DC82B999D77008F9C5B /* PBXContainerItemProxy */ = {
			isa = PBXContainerItemProxy;
			containerPortal = 688F0DAF2B999D76008F9C5B /* Project object */;
			proxyType = 1;
			remoteGlobalIDString = 688F0DB62B999D76008F9C5B;
			remoteInfo = swifttodolist;
		};
		688F0DD22B999D77008F9C5B /* PBXContainerItemProxy */ = {
			isa = PBXContainerItemProxy;
			containerPortal = 688F0DAF2B999D76008F9C5B /* Project object */;
			proxyType = 1;
			remoteGlobalIDString = 688F0DB62B999D76008F9C5B;
			remoteInfo = swifttodolist;
		};
/* End PBXContainerItemProxy section */

/* Begin PBXFileReference section */
		688F0DB72B999D76008F9C5B /* swifttodolist.app */ = {isa = PBXFileReference; explicitFileType = wrapper.application; includeInIndex = 0; path = swifttodolist.app; sourceTree = BUILT_PRODUCTS_DIR; };
		688F0DBA2B999D76008F9C5B /* swifttodolistApp.swift */ = {isa = PBXFileReference; lastKnownFileType = sourcecode.swift; path = swifttodolistApp.swift; sourceTree = "<group>"; };
		688F0DBC2B999D76008F9C5B /* ContentView.swift */ = {isa = PBXFileReference; lastKnownFileType = sourcecode.swift; path = ContentView.swift; sourceTree = "<group>"; };
		688F0DBE2B999D77008F9C5B /* Assets.xcassets */ = {isa = PBXFileReference; lastKnownFileType = folder.assetcatalog; path = Assets.xcassets; sourceTree = "<group>"; };
		688F0DC12B999D77008F9C5B /* Preview Assets.xcassets */ = {isa = PBXFileReference; lastKnownFileType = folder.assetcatalog; path = "Preview Assets.xcassets"; sourceTree = "<group>"; };
		688F0DC72B999D77008F9C5B /* swifttodolistTests.xctest */ = {isa = PBXFileReference; explicitFileType = wrapper.cfbundle; includeInIndex = 0; path = swifttodolistTests.xctest; sourceTree = BUILT_PRODUCTS_DIR; };
		688F0DCB2B999D77008F9C5B /* swifttodolistTests.swift */ = {isa = PBXFileReference; lastKnownFileType = sourcecode.swift; path = swifttodolistTests.swift; sourceTree = "<group>"; };
		688F0DD12B999D77008F9C5B /* swifttodolistUITests.xctest */ = {isa = PBXFileReference; explicitFileType = wrapper.cfbundle; includeInIndex = 0; path = swifttodolistUITests.xctest; sourceTree = BUILT_PRODUCTS_DIR; };
		688F0DD52B999D77008F9C5B /* swifttodolistUITests.swift */ = {isa = PBXFileReference; lastKnownFileType = sourcecode.swift; path = swifttodolistUITests.swift; sourceTree = "<group>"; };
		688F0DD72B999D77008F9C5B /* swifttodolistUITestsLaunchTests.swift */ = {isa = PBXFileReference; lastKnownFileType = sourcecode.swift; path = swifttodolistUITestsLaunchTests.swift; sourceTree = "<group>"; };
/* End PBXFileReference section */

/* Begin PBXFrameworksBuildPhase section */
		688F0DB42B999D76008F9C5B /* Frameworks */ = {
			isa = PBXFrameworksBuildPhase;
			buildActionMask = 2147483647;
			files = (
			);
			runOnlyForDeploymentPostprocessing = 0;
		};
		688F0DC42B999D77008F9C5B /* Frameworks */ = {
			isa = PBXFrameworksBuildPhase;
			buildActionMask = 2147483647;
			files = (
			);
			runOnlyForDeploymentPostprocessing = 0;
		};
		688F0DCE2B999D77008F9C5B /* Frameworks */ = {
			isa = PBXFrameworksBuildPhase;
			buildActionMask = 2147483647;
			files = (
			);
			runOnlyForDeploymentPostprocessing = 0;
		};
/* End PBXFrameworksBuildPhase section */

/* Begin PBXGroup section */
		688F0DAE2B999D76008F9C5B = {
			isa = PBXGroup;
			children = (
				688F0DB92B999D76008F9C5B /* swifttodolist */,
				688F0DCA2B999D77008F9C5B /* swifttodolistTests */,
				688F0DD42B999D77008F9C5B /* swifttodolistUITests */,
				688F0DB82B999D76008F9C5B /* Products */,
			);
			sourceTree = "<group>";
		};
		688F0DB82B999D76008F9C5B /* Products */ = {
			isa = PBXGroup;
			children = (
				688F0DB72B999D76008F9C5B /* swifttodolist.app */,
				688F0DC72B999D77008F9C5B /* swifttodolistTests.xctest */,
				688F0DD12B999D77008F9C5B /* swifttodolistUITests.xctest */,
			);
			name = Products;
			sourceTree = "<group>";
		};
		688F0DB92B999D76008F9C5B /* swifttodolist */ = {
			isa = PBXGroup;
			children = (
				688F0DBA2B999D76008F9C5B /* swifttodolistApp.swift */,
				688F0DBC2B999D76008F9C5B /* ContentView.swift */,
				688F0DBE2B999D77008F9C5B /* Assets.xcassets */,
				688F0DC02B999D77008F9C5B /* Preview Content */,
			);
			path = swifttodolist;
			sourceTree = "<group>";
		};
		688F0DC02B999D77008F9C5B /* Preview Content */ = {
			isa = PBXGroup;
			children = (
				688F0DC12B999D77008F9C5B /* Preview Assets.xcassets */,
			);
			path = "Preview Content";
			sourceTree = "<group>";
		};
		688F0DCA2B999D77008F9C5B /* swifttodolistTests */ = {
			isa = PBXGroup;
			children = (
				688F0DCB2B999D77008F9C5B /* swifttodolistTests.swift */,
			);
			path = swifttodolistTests;
			sourceTree = "<group>";
		};
		688F0DD42B999D77008F9C5B /* swifttodolistUITests */ = {
			isa = PBXGroup;
			children = (
				688F0DD52B999D77008F9C5B /* swifttodolistUITests.swift */,
				688F0DD72B999D77008F9C5B /* swifttodolistUITestsLaunchTests.swift */,
			);
			path = swifttodolistUITests;
			sourceTree = "<group>";
		};
/* End PBXGroup section */

/* Begin PBXNativeTarget section */
		688F0DB62B999D76008F9C5B /* swifttodolist */ = {
			isa = PBXNativeTarget;
			buildConfigurationList = 688F0DDB2B999D77008F9C5B /* Build configuration list for PBXNativeTarget "swifttodolist" */;
			buildPhases = (
				688F0DB32B999D76008F9C5B /* Sources */,
				688F0DB42B999D76008F9C5B /* Frameworks */,
				688F0DB52B999D76008F9C5B /* Resources */,
			);
			buildRules = (
			);
			dependencies = (
			);
			name = swifttodolist;
			productName = swifttodolist;
			productReference = 688F0DB72B999D76008F9C5B /* swifttodolist.app */;
			productType = "com.apple.product-type.application";
		};
		688F0DC62B999D77008F9C5B /* swifttodolistTests */ = {
			isa = PBXNativeTarget;
			buildConfigurationList = 688F0DDE2B999D77008F9C5B /* Build configuration list for PBXNativeTarget "swifttodolistTests" */;
			buildPhases = (
				688F0DC32B999D77008F9C5B /* Sources */,
				688F0DC42B999D77008F9C5B /* Frameworks */,
				688F0DC52B999D77008F9C5B /* Resources */,
			);
			buildRules = (
			);
			dependencies = (
				688F0DC92B999D77008F9C5B /* PBXTargetDependency */,
			);
			name = swifttodolistTests;
			productName = swifttodolistTests;
			productReference = 688F0DC72B999D77008F9C5B /* swifttodolistTests.xctest */;
			productType = "com.apple.product-type.bundle.unit-test";
		};
		688F0DD02B999D77008F9C5B /* swifttodolistUITests */ = {
			isa = PBXNativeTarget;
			buildConfigurationList = 688F0DE12B999D77008F9C5B /* Build configuration list for PBXNativeTarget "swifttodolistUITests" */;
			buildPhases = (
				688F0DCD2B999D77008F9C5B /* Sources */,
				688F0DCE2B999D77008F9C5B /* Frameworks */,
				688F0DCF2B999D77008F9C5B /* Resources */,
			);
			buildRules = (
			);
			dependencies = (
				688F0DD32B999D77008F9C5B /* PBXTargetDependency */,
			);
			name = swifttodolistUITests;
			productName = swifttodolistUITests;
			productReference = 688F0DD12B999D77008F9C5B /* swifttodolistUITests.xctest */;
			productType = "com.apple.product-type.bundle.ui-testing";
		};
/* End PBXNativeTarget section */

/* Begin PBXProject section */
		688F0DAF2B999D76008F9C5B /* Project object */ = {
			isa = PBXProject;
			attributes = {
				BuildIndependentTargetsInParallel = 1;
				LastSwiftUpdateCheck = 1530;
				LastUpgradeCheck = 1530;
				TargetAttributes = {
					688F0DB62B999D76008F9C5B = {
						CreatedOnToolsVersion = 15.3;
					};
					688F0DC62B999D77008F9C5B = {
						CreatedOnToolsVersion = 15.3;
						TestTargetID = 688F0DB62B999D76008F9C5B;
					};
					688F0DD02B999D77008F9C5B = {
						CreatedOnToolsVersion = 15.3;
						TestTargetID = 688F0DB62B999D76008F9C5B;
					};
				};
			};
			buildConfigurationList = 688F0DB22B999D76008F9C5B /* Build configuration list for PBXProject "swifttodolist" */;
			compatibilityVersion = "Xcode 14.0";
			developmentRegion = en;
			hasScannedForEncodings = 0;
			knownRegions = (
				en,
				Base,
			);
			mainGroup = 688F0DAE2B999D76008F9C5B;
			productRefGroup = 688F0DB82B999D76008F9C5B /* Products */;
			projectDirPath = "";
			projectRoot = "";
			targets = (
				688F0DB62B999D76008F9C5B /* swifttodolist */,
				688F0DC62B999D77008F9C5B /* swifttodolistTests */,
				688F0DD02B999D77008F9C5B /* swifttodolistUITests */,
			);
		};
/* End PBXProject section */

/* Begin PBXResourcesBuildPhase section */
		688F0DB52B999D76008F9C5B /* Resources */ = {
			isa = PBXResourcesBuildPhase;
			buildActionMask = 2147483647;
			files = (
				688F0DC22B999D77008F9C5B /* Preview Assets.xcassets in Resources */,
				688F0DBF2B999D77008F9C5B /* Assets.xcassets in Resources */,
			);
			runOnlyForDeploymentPostprocessing = 0;
		};
		688F0DC52B999D77008F9C5B /* Resources */ = {
			isa = PBXResourcesBuildPhase;
			buildActionMask = 2147483647;
			files = (
			);
			runOnlyForDeploymentPostprocessing = 0;
		};
		688F0DCF2B999D77008F9C5B /* Resources */ = {
			isa = PBXResourcesBuildPhase;
			buildActionMask = 2147483647;
			files = (
			);
			runOnlyForDeploymentPostprocessing = 0;
		};
/* End PBXResourcesBuildPhase section */

/* Begin PBXSourcesBuildPhase section */
		688F0DB32B999D76008F9C5B /* Sources */ = {
			isa = PBXSourcesBuildPhase;
			buildActionMask = 2147483647;
			files = (
				688F0DBD2B999D76008F9C5B /* ContentView.swift in Sources */,
				688F0DBB2B999D76008F9C5B /* swifttodolistApp.swift in Sources */,
			);
			runOnlyForDeploymentPostprocessing = 0;
		};
		688F0DC32B999D77008F9C5B /* Sources */ = {
			isa = PBXSourcesBuildPhase;
			buildActionMask = 2147483647;
			files = (
				688F0DCC2B999D77008F9C5B /* swifttodolistTests.swift in Sources */,
			);
			runOnlyForDeploymentPostprocessing = 0;
		};
		688F0DCD2B999D77008F9C5B /* Sources */ = {
			isa = PBXSourcesBuildPhase;
			buildActionMask = 2147483647;
			files = (
				688F0DD82B999D77008F9C5B /* swifttodolistUITestsLaunchTests.swift in Sources */,
				688F0DD62B999D77008F9C5B /* swifttodolistUITests.swift in Sources */,
			);
			runOnlyForDeploymentPostprocessing = 0;
		};
/* End PBXSourcesBuildPhase section */

/* Begin PBXTargetDependency section */
		688F0DC92B999D77008F9C5B /* PBXTargetDependency */ = {
			isa = PBXTargetDependency;
			target = 688F0DB62B999D76008F9C5B /* swifttodolist */;
			targetProxy = 688F0DC82B999D77008F9C5B /* PBXContainerItemProxy */;
		};
		688F0DD32B999D77008F9C5B /* PBXTargetDependency */ = {
			isa = PBXTargetDependency;
			target = 688F0DB62B999D76008F9C5B /* swifttodolist */;
			targetProxy = 688F0DD22B999D77008F9C5B /* PBXContainerItemProxy */;
		};
/* End PBXTargetDependency section */

/* Begin XCBuildConfiguration section */
		688F0DD92B999D77008F9C5B /* Debug */ = {
			isa = XCBuildConfiguration;
			buildSettings = {
				ALWAYS_SEARCH_USER_PATHS = NO;
				ASSETCATALOG_COMPILER_GENERATE_SWIFT_ASSET_SYMBOL_EXTENSIONS = YES;
				CLANG_ANALYZER_NONNULL = YES;
				CLANG_ANALYZER_NUMBER_OBJECT_CONVERSION = YES_AGGRESSIVE;
				CLANG_CXX_LANGUAGE_STANDARD = "gnu++20";
				CLANG_ENABLE_MODULES = YES;
				CLANG_ENABLE_OBJC_ARC = YES;
				CLANG_ENABLE_OBJC_WEAK = YES;
				CLANG_WARN_BLOCK_CAPTURE_AUTORELEASING = YES;
				CLANG_WARN_BOOL_CONVERSION = YES;
				CLANG_WARN_COMMA = YES;
				CLANG_WARN_CONSTANT_CONVERSION = YES;
				CLANG_WARN_DEPRECATED_OBJC_IMPLEMENTATIONS = YES;
				CLANG_WARN_DIRECT_OBJC_ISA_USAGE = YES_ERROR;
				CLANG_WARN_DOCUMENTATION_COMMENTS = YES;
				CLANG_WARN_EMPTY_BODY = YES;
				CLANG_WARN_ENUM_CONVERSION = YES;
				CLANG_WARN_INFINITE_RECURSION = YES;
				CLANG_WARN_INT_CONVERSION = YES;
				CLANG_WARN_NON_LITERAL_NULL_CONVERSION = YES;
				CLANG_WARN_OBJC_IMPLICIT_RETAIN_SELF = YES;
				CLANG_WARN_OBJC_LITERAL_CONVERSION = YES;
				CLANG_WARN_OBJC_ROOT_CLASS = YES_ERROR;
				CLANG_WARN_QUOTED_INCLUDE_IN_FRAMEWORK_HEADER = YES;
				CLANG_WARN_RANGE_LOOP_ANALYSIS = YES;
				CLANG_WARN_STRICT_PROTOTYPES = YES;
				CLANG_WARN_SUSPICIOUS_MOVE = YES;
				CLANG_WARN_UNGUARDED_AVAILABILITY = YES_AGGRESSIVE;
				CLANG_WARN_UNREACHABLE_CODE = YES;
				CLANG_WARN__DUPLICATE_METHOD_MATCH = YES;
				COPY_PHASE_STRIP = NO;
				DEBUG_INFORMATION_FORMAT = dwarf;
				ENABLE_STRICT_OBJC_MSGSEND = YES;
				ENABLE_TESTABILITY = YES;
				ENABLE_USER_SCRIPT_SANDBOXING = YES;
				GCC_C_LANGUAGE_STANDARD = gnu17;
				GCC_DYNAMIC_NO_PIC = NO;
				GCC_NO_COMMON_BLOCKS = YES;
				GCC_OPTIMIZATION_LEVEL = 0;
				GCC_PREPROCESSOR_DEFINITIONS = (
					"DEBUG=1",
					"$(inherited)",
				);
				GCC_WARN_64_TO_32_BIT_CONVERSION = YES;
				GCC_WARN_ABOUT_RETURN_TYPE = YES_ERROR;
				GCC_WARN_UNDECLARED_SELECTOR = YES;
				GCC_WARN_UNINITIALIZED_AUTOS = YES_AGGRESSIVE;
				GCC_WARN_UNUSED_FUNCTION = YES;
				GCC_WARN_UNUSED_VARIABLE = YES;
				IPHONEOS_DEPLOYMENT_TARGET = 17.4;
				LOCALIZATION_PREFERS_STRING_CATALOGS = YES;
				MTL_ENABLE_DEBUG_INFO = INCLUDE_SOURCE;
				MTL_FAST_MATH = YES;
				ONLY_ACTIVE_ARCH = YES;
				SDKROOT = iphoneos;
				SWIFT_ACTIVE_COMPILATION_CONDITIONS = "DEBUG $(inherited)";
				SWIFT_OPTIMIZATION_LEVEL = "-Onone";
			};
			name = Debug;
		};
		688F0DDA2B999D77008F9C5B /* Release */ = {
			isa = XCBuildConfiguration;
			buildSettings = {
				ALWAYS_SEARCH_USER_PATHS = NO;
				ASSETCATALOG_COMPILER_GENERATE_SWIFT_ASSET_SYMBOL_EXTENSIONS = YES;
				CLANG_ANALYZER_NONNULL = YES;
				CLANG_ANALYZER_NUMBER_OBJECT_CONVERSION = YES_AGGRESSIVE;
				CLANG_CXX_LANGUAGE_STANDARD = "gnu++20";
				CLANG_ENABLE_MODULES = YES;
				CLANG_ENABLE_OBJC_ARC = YES;
				CLANG_ENABLE_OBJC_WEAK = YES;
				CLANG_WARN_BLOCK_CAPTURE_AUTORELEASING = YES;
				CLANG_WARN_BOOL_CONVERSION = YES;
				CLANG_WARN_COMMA = YES;
				CLANG_WARN_CONSTANT_CONVERSION = YES;
				CLANG_WARN_DEPRECATED_OBJC_IMPLEMENTATIONS = YES;
				CLANG_WARN_DIRECT_OBJC_ISA_USAGE = YES_ERROR;
				CLANG_WARN_DOCUMENTATION_COMMENTS = YES;
				CLANG_WARN_EMPTY_BODY = YES;
				CLANG_WARN_ENUM_CONVERSION = YES;
				CLANG_WARN_INFINITE_RECURSION = YES;
				CLANG_WARN_INT_CONVERSION = YES;
				CLANG_WARN_NON_LITERAL_NULL_CONVERSION = YES;
				CLANG_WARN_OBJC_IMPLICIT_RETAIN_SELF = YES;
				CLANG_WARN_OBJC_LITERAL_CONVERSION = YES;
				CLANG_WARN_OBJC_ROOT_CLASS = YES_ERROR;
				CLANG_WARN_QUOTED_INCLUDE_IN_FRAMEWORK_HEADER = YES;
				CLANG_WARN_RANGE_LOOP_ANALYSIS = YES;
				CLANG_WARN_STRICT_PROTOTYPES = YES;
				CLANG_WARN_SUSPICIOUS_MOVE = YES;
				CLANG_WARN_UNGUARDED_AVAILABILITY = YES_AGGRESSIVE;
				CLANG_WARN_UNREACHABLE_CODE = YES;
				CLANG_WARN__DUPLICATE_METHOD_MATCH = YES;
				COPY_PHASE_STRIP = NO;
				DEBUG_INFORMATION_FORMAT = "dwarf-with-dsym";
				ENABLE_NS_ASSERTIONS = NO;
				ENABLE_STRICT_OBJC_MSGSEND = YES;
				ENABLE_USER_SCRIPT_SANDBOXING = YES;
				GCC_C_LANGUAGE_STANDARD = gnu17;
				GCC_NO_COMMON_BLOCKS = YES;
				GCC_WARN_64_TO_32_BIT_CONVERSION = YES;
				GCC_WARN_ABOUT_RETURN_TYPE = YES_ERROR;
				GCC_WARN_UNDECLARED_SELECTOR = YES;
				GCC_WARN_UNINITIALIZED_AUTOS = YES_AGGRESSIVE;
				GCC_WARN_UNUSED_FUNCTION = YES;
				GCC_WARN_UNUSED_VARIABLE = YES;
				IPHONEOS_DEPLOYMENT_TARGET = 17.4;
				LOCALIZATION_PREFERS_STRING_CATALOGS = YES;
				MTL_ENABLE_DEBUG_INFO = NO;
				MTL_FAST_MATH = YES;
				SDKROOT = iphoneos;
				SWIFT_COMPILATION_MODE = wholemodule;
				VALIDATE_PRODUCT = YES;
			};
			name = Release;
		};
		688F0DDC2B999D77008F9C5B /* Debug */ = {
			isa = XCBuildConfiguration;
			buildSettings = {
				ASSETCATALOG_COMPILER_APPICON_NAME = AppIcon;
				ASSETCATALOG_COMPILER_GLOBAL_ACCENT_COLOR_NAME = AccentColor;
				CODE_SIGN_STYLE = Automatic;
				CURRENT_PROJECT_VERSION = 1;
				DEVELOPMENT_ASSET_PATHS = "\"swifttodolist/Preview Content\"";
				DEVELOPMENT_TEAM = 2RJVBDZ2H3;
				ENABLE_PREVIEWS = YES;
				GENERATE_INFOPLIST_FILE = YES;
				INFOPLIST_KEY_UIApplicationSceneManifest_Generation = YES;
				INFOPLIST_KEY_UIApplicationSupportsIndirectInputEvents = YES;
				INFOPLIST_KEY_UILaunchScreen_Generation = YES;
				INFOPLIST_KEY_UISupportedInterfaceOrientations_iPad = "UIInterfaceOrientationPortrait UIInterfaceOrientationPortraitUpsideDown UIInterfaceOrientationLandscapeLeft UIInterfaceOrientationLandscapeRight";
				INFOPLIST_KEY_UISupportedInterfaceOrientations_iPhone = "UIInterfaceOrientationPortrait UIInterfaceOrientationLandscapeLeft UIInterfaceOrientationLandscapeRight";
				LD_RUNPATH_SEARCH_PATHS = (
					"$(inherited)",
					"@executable_path/Frameworks",
				);
				MARKETING_VERSION = 1.0;
				PRODUCT_BUNDLE_IDENTIFIER = trishaduong.swifttodolist;
				PRODUCT_NAME = "$(TARGET_NAME)";
				SWIFT_EMIT_LOC_STRINGS = YES;
				SWIFT_VERSION = 5.0;
				TARGETED_DEVICE_FAMILY = "1,2";
			};
			name = Debug;
		};
		688F0DDD2B999D77008F9C5B /* Release */ = {
			isa = XCBuildConfiguration;
			buildSettings = {
				ASSETCATALOG_COMPILER_APPICON_NAME = AppIcon;
				ASSETCATALOG_COMPILER_GLOBAL_ACCENT_COLOR_NAME = AccentColor;
				CODE_SIGN_STYLE = Automatic;
				CURRENT_PROJECT_VERSION = 1;
				DEVELOPMENT_ASSET_PATHS = "\"swifttodolist/Preview Content\"";
				DEVELOPMENT_TEAM = 2RJVBDZ2H3;
				ENABLE_PREVIEWS = YES;
				GENERATE_INFOPLIST_FILE = YES;
				INFOPLIST_KEY_UIApplicationSceneManifest_Generation = YES;
				INFOPLIST_KEY_UIApplicationSupportsIndirectInputEvents = YES;
				INFOPLIST_KEY_UILaunchScreen_Generation = YES;
				INFOPLIST_KEY_UISupportedInterfaceOrientations_iPad = "UIInterfaceOrientationPortrait UIInterfaceOrientationPortraitUpsideDown UIInterfaceOrientationLandscapeLeft UIInterfaceOrientationLandscapeRight";
				INFOPLIST_KEY_UISupportedInterfaceOrientations_iPhone = "UIInterfaceOrientationPortrait UIInterfaceOrientationLandscapeLeft UIInterfaceOrientationLandscapeRight";
				LD_RUNPATH_SEARCH_PATHS = (
					"$(inherited)",
					"@executable_path/Frameworks",
				);
				MARKETING_VERSION = 1.0;
				PRODUCT_BUNDLE_IDENTIFIER = trishaduong.swifttodolist;
				PRODUCT_NAME = "$(TARGET_NAME)";
				SWIFT_EMIT_LOC_STRINGS = YES;
				SWIFT_VERSION = 5.0;
				TARGETED_DEVICE_FAMILY = "1,2";
			};
			name = Release;
		};
		688F0DDF2B999D77008F9C5B /* Debug */ = {
			isa = XCBuildConfiguration;
			buildSettings = {
				ALWAYS_EMBED_SWIFT_STANDARD_LIBRARIES = YES;
				BUNDLE_LOADER = "$(TEST_HOST)";
				CODE_SIGN_STYLE = Automatic;
				CURRENT_PROJECT_VERSION = 1;
				DEVELOPMENT_TEAM = 2RJVBDZ2H3;
				GENERATE_INFOPLIST_FILE = YES;
				IPHONEOS_DEPLOYMENT_TARGET = 17.4;
				MARKETING_VERSION = 1.0;
				PRODUCT_BUNDLE_IDENTIFIER = trishaduong.swifttodolistTests;
				PRODUCT_NAME = "$(TARGET_NAME)";
				SWIFT_EMIT_LOC_STRINGS = NO;
				SWIFT_VERSION = 5.0;
				TARGETED_DEVICE_FAMILY = "1,2";
				TEST_HOST = "$(BUILT_PRODUCTS_DIR)/swifttodolist.app/$(BUNDLE_EXECUTABLE_FOLDER_PATH)/swifttodolist";
			};
			name = Debug;
		};
		688F0DE02B999D77008F9C5B /* Release */ = {
			isa = XCBuildConfiguration;
			buildSettings = {
				ALWAYS_EMBED_SWIFT_STANDARD_LIBRARIES = YES;
				BUNDLE_LOADER = "$(TEST_HOST)";
				CODE_SIGN_STYLE = Automatic;
				CURRENT_PROJECT_VERSION = 1;
				DEVELOPMENT_TEAM = 2RJVBDZ2H3;
				GENERATE_INFOPLIST_FILE = YES;
				IPHONEOS_DEPLOYMENT_TARGET = 17.4;
				MARKETING_VERSION = 1.0;
				PRODUCT_BUNDLE_IDENTIFIER = trishaduong.swifttodolistTests;
				PRODUCT_NAME = "$(TARGET_NAME)";
				SWIFT_EMIT_LOC_STRINGS = NO;
				SWIFT_VERSION = 5.0;
				TARGETED_DEVICE_FAMILY = "1,2";
				TEST_HOST = "$(BUILT_PRODUCTS_DIR)/swifttodolist.app/$(BUNDLE_EXECUTABLE_FOLDER_PATH)/swifttodolist";
			};
			name = Release;
		};
		688F0DE22B999D77008F9C5B /* Debug */ = {
			isa = XCBuildConfiguration;
			buildSettings = {
				ALWAYS_EMBED_SWIFT_STANDARD_LIBRARIES = YES;
				CODE_SIGN_STYLE = Automatic;
				CURRENT_PROJECT_VERSION = 1;
				DEVELOPMENT_TEAM = 2RJVBDZ2H3;
				GENERATE_INFOPLIST_FILE = YES;
				MARKETING_VERSION = 1.0;
				PRODUCT_BUNDLE_IDENTIFIER = trishaduong.swifttodolistUITests;
				PRODUCT_NAME = "$(TARGET_NAME)";
				SWIFT_EMIT_LOC_STRINGS = NO;
				SWIFT_VERSION = 5.0;
				TARGETED_DEVICE_FAMILY = "1,2";
				TEST_TARGET_NAME = swifttodolist;
			};
			name = Debug;
		};
		688F0DE32B999D77008F9C5B /* Release */ = {
			isa = XCBuildConfiguration;
			buildSettings = {
				ALWAYS_EMBED_SWIFT_STANDARD_LIBRARIES = YES;
				CODE_SIGN_STYLE = Automatic;
				CURRENT_PROJECT_VERSION = 1;
				DEVELOPMENT_TEAM = 2RJVBDZ2H3;
				GENERATE_INFOPLIST_FILE = YES;
				MARKETING_VERSION = 1.0;
				PRODUCT_BUNDLE_IDENTIFIER = trishaduong.swifttodolistUITests;
				PRODUCT_NAME = "$(TARGET_NAME)";
				SWIFT_EMIT_LOC_STRINGS = NO;
				SWIFT_VERSION = 5.0;
				TARGETED_DEVICE_FAMILY = "1,2";
				TEST_TARGET_NAME = swifttodolist;
			};
			name = Release;
		};
/* End XCBuildConfiguration section */

/* Begin XCConfigurationList section */
		688F0DB22B999D76008F9C5B /* Build configuration list for PBXProject "swifttodolist" */ = {
			isa = XCConfigurationList;
			buildConfigurations = (
				688F0DD92B999D77008F9C5B /* Debug */,
				688F0DDA2B999D77008F9C5B /* Release */,
			);
			defaultConfigurationIsVisible = 0;
			defaultConfigurationName = Release;
		};
		688F0DDB2B999D77008F9C5B /* Build configuration list for PBXNativeTarget "swifttodolist" */ = {
			isa = XCConfigurationList;
			buildConfigurations = (
				688F0DDC2B999D77008F9C5B /* Debug */,
				688F0DDD2B999D77008F9C5B /* Release */,
			);
			defaultConfigurationIsVisible = 0;
			defaultConfigurationName = Release;
		};
		688F0DDE2B999D77008F9C5B /* Build configuration list for PBXNativeTarget "swifttodolistTests" */ = {
			isa = XCConfigurationList;
			buildConfigurations = (
				688F0DDF2B999D77008F9C5B /* Debug */,
				688F0DE02B999D77008F9C5B /* Release */,
			);
			defaultConfigurationIsVisible = 0;
			defaultConfigurationName = Release;
		};
		688F0DE12B999D77008F9C5B /* Build configuration list for PBXNativeTarget "swifttodolistUITests" */ = {
			isa = XCConfigurationList;
			buildConfigurations = (
				688F0DE22B999D77008F9C5B /* Debug */,
				688F0DE32B999D77008F9C5B /* Release */,
			);
			defaultConfigurationIsVisible = 0;
			defaultConfigurationName = Release;
		};
/* End XCConfigurationList section */
	};
	rootObject = 688F0DAF2B999D76008F9C5B /* Project object */;
}
